
Microsoft Visual Studio Solution File, Format Version 12.00
# Visual Studio Version 17
VisualStudioVersion = 17.13.35825.156
MinimumVisualStudioVersion = 10.0.40219.1
Project("{FAE04EC0-301F-11D3-BF4B-00C04F79EFBC}") = "Rom.Domain", "src\Rom.Domain\Rom.Domain.csproj", "{3C5888B6-521E-4EDF-BD5C-3E48E5E95B81}"
EndProject
Project("{2150E333-8FDC-42A3-9474-1A3956D46DE8}") = "src", "src", "{02EA681E-C7D8-13C7-8484-4AC65E1B71E8}"
EndProject
Project("{2150E333-8FDC-42A3-9474-1A3956D46DE8}") = "tests", "tests", "{E315F369-AF9F-48C2-8479-5F172747398D}"
EndProject
Project("{FAE04EC0-301F-11D3-BF4B-00C04F79EFBC}") = "Rom.Domain.Abstractions", "src\Rom.Domain.Abstractions\Rom.Domain.Abstractions.csproj", "{6618557E-CD76-4A3F-924A-3BC573B7D335}"
EndProject
Project("{FAE04EC0-301F-11D3-BF4B-00C04F79EFBC}") = "Rom.Domain.Test", "tests\Rom.Domain.Test\Rom.Domain.Test.csproj", "{B9F2C42A-B581-4FA1-8E22-9432D1F5A056}"
EndProject
Global
	GlobalSection(SolutionConfigurationPlatforms) = preSolution
		Debug|Any CPU = Debug|Any CPU
		Release|Any CPU = Release|Any CPU
	EndGlobalSection
	GlobalSection(ProjectConfigurationPlatforms) = postSolution
		{3C5888B6-521E-4EDF-BD5C-3E48E5E95B81}.Debug|Any CPU.ActiveCfg = Debug|Any CPU
		{3C5888B6-521E-4EDF-BD5C-3E48E5E95B81}.Debug|Any CPU.Build.0 = Debug|Any CPU
		{3C5888B6-521E-4EDF-BD5C-3E48E5E95B81}.Release|Any CPU.ActiveCfg = Release|Any CPU
		{3C5888B6-521E-4EDF-BD5C-3E48E5E95B81}.Release|Any CPU.Build.0 = Release|Any CPU
		{6618557E-CD76-4A3F-924A-3BC573B7D335}.Debug|Any CPU.ActiveCfg = Debug|Any CPU
		{6618557E-CD76-4A3F-924A-3BC573B7D335}.Debug|Any CPU.Build.0 = Debug|Any CPU
		{6618557E-CD76-4A3F-924A-3BC573B7D335}.Release|Any CPU.ActiveCfg = Release|Any CPU
		{6618557E-CD76-4A3F-924A-3BC573B7D335}.Release|Any CPU.Build.0 = Release|Any CPU
		{B9F2C42A-B581-4FA1-8E22-9432D1F5A056}.Debug|Any CPU.ActiveCfg = Debug|Any CPU
		{B9F2C42A-B581-4FA1-8E22-9432D1F5A056}.Debug|Any CPU.Build.0 = Debug|Any CPU
		{B9F2C42A-B581-4FA1-8E22-9432D1F5A056}.Release|Any CPU.ActiveCfg = Release|Any CPU
		{B9F2C42A-B581-4FA1-8E22-9432D1F5A056}.Release|Any CPU.Build.0 = Release|Any CPU
	EndGlobalSection
	GlobalSection(SolutionProperties) = preSolution
		HideSolutionNode = FALSE
	EndGlobalSection
	GlobalSection(NestedProjects) = preSolution
		{3C5888B6-521E-4EDF-BD5C-3E48E5E95B81} = {02EA681E-C7D8-13C7-8484-4AC65E1B71E8}
		{6618557E-CD76-4A3F-924A-3BC573B7D335} = {02EA681E-C7D8-13C7-8484-4AC65E1B71E8}
		{B9F2C42A-B581-4FA1-8E22-9432D1F5A056} = {E315F369-AF9F-48C2-8479-5F172747398D}
	EndGlobalSection
	GlobalSection(ExtensibilityGlobals) = postSolution
		SolutionGuid = {C30573B9-8197-46E1-B091-DD0398509D89}
	EndGlobalSection
EndGlobal
